
Microsoft Visual Studio Solution File, Format Version 12.00
# Visual Studio 15
VisualStudioVersion = 15.0.27703.1
MinimumVisualStudioVersion = 10.0.40219.1
Project("{FAE04EC0-301F-11D3-BF4B-00C04F79EFBC}") = "AlertBox", "AlertBox\AlertBox.csproj", "{C082FB15-62ED-4BDB-96B9-3F5B4F99093F}"
EndProject
Global
	GlobalSection(SolutionConfigurationPlatforms) = preSolution
		Debug|Any CPU = Debug|Any CPU
		Release|Any CPU = Release|Any CPU
	EndGlobalSection
	GlobalSection(ProjectConfigurationPlatforms) = postSolution
		{C082FB15-62ED-4BDB-96B9-3F5B4F99093F}.Debug|Any CPU.ActiveCfg = Debug|Any CPU
		{C082FB15-62ED-4BDB-96B9-3F5B4F99093F}.Debug|Any CPU.Build.0 = Debug|Any CPU
		{C082FB15-62ED-4BDB-96B9-3F5B4F99093F}.Release|Any CPU.ActiveCfg = Release|Any CPU
		{C082FB15-62ED-4BDB-96B9-3F5B4F99093F}.Release|Any CPU.Build.0 = Release|Any CPU
	EndGlobalSection
	GlobalSection(SolutionProperties) = preSolution
		HideSolutionNode = FALSE
	EndGlobalSection
	GlobalSection(ExtensibilityGlobals) = postSolution
		SolutionGuid = {63643F4D-93CF-4119-B921-0D568889F21C}
	EndGlobalSection
EndGlobal
